
Microsoft Visual Studio Solution File, Format Version 12.00
# Visual Studio 15
VisualStudioVersion = 15.0.27004.2005
MinimumVisualStudioVersion = 10.0.40219.1
Project("{9A19103F-16F7-4668-BE54-9A1E7A4F7556}") = "CSharpNotes", "CSharpNotes\CSharpNotes.csproj", "{EAC51E37-F978-46A5-A619-467DD9341C90}"
EndProject
Project("{FAE04EC0-301F-11D3-BF4B-00C04F79EFBC}") = "ScrapeLibrary", "ScrapeLibrary\ScrapeLibrary.csproj", "{4CCB2EA2-F11D-4360-8343-72A385D32081}"
EndProject
Global
	GlobalSection(SolutionConfigurationPlatforms) = preSolution
		Debug|Any CPU = Debug|Any CPU
		Release|Any CPU = Release|Any CPU
	EndGlobalSection
	GlobalSection(ProjectConfigurationPlatforms) = postSolution
		{EAC51E37-F978-46A5-A619-467DD9341C90}.Debug|Any CPU.ActiveCfg = Debug|Any CPU
		{EAC51E37-F978-46A5-A619-467DD9341C90}.Debug|Any CPU.Build.0 = Debug|Any CPU
		{EAC51E37-F978-46A5-A619-467DD9341C90}.Release|Any CPU.ActiveCfg = Release|Any CPU
		{EAC51E37-F978-46A5-A619-467DD9341C90}.Release|Any CPU.Build.0 = Release|Any CPU
		{4CCB2EA2-F11D-4360-8343-72A385D32081}.Debug|Any CPU.ActiveCfg = Debug|Any CPU
		{4CCB2EA2-F11D-4360-8343-72A385D32081}.Debug|Any CPU.Build.0 = Debug|Any CPU
		{4CCB2EA2-F11D-4360-8343-72A385D32081}.Release|Any CPU.ActiveCfg = Release|Any CPU
		{4CCB2EA2-F11D-4360-8343-72A385D32081}.Release|Any CPU.Build.0 = Release|Any CPU
	EndGlobalSection
	GlobalSection(SolutionProperties) = preSolution
		HideSolutionNode = FALSE
	EndGlobalSection
	GlobalSection(ExtensibilityGlobals) = postSolution
		SolutionGuid = {02170836-C674-4B44-BCEE-8D28C1AAF3A8}
	EndGlobalSection
EndGlobal
